# This file is automatically @generated by Poetry 2.1.1 and should not be changed by hand.

[[package]]
name = "cppyy"
version = "3.5.0"
description = "Cling-based Python-C++ bindings"
optional = false
python-versions = "*"
groups = ["main"]
files = [
    {file = "cppyy-3.5.0.tar.gz", hash = "sha256:b9cfd48bd0c6e0c7399a82cca2105d7d90699adb3083904aaf30bf3632224e79"},
]

[package.dependencies]
cppyy-backend = "1.15.3"
cppyy-cling = "6.32.8"
CPyCppyy = "1.13.0"

[[package]]
name = "cppyy-backend"
version = "1.15.3"
description = "C/C++ wrapper for Cling"
optional = false
python-versions = "*"
groups = ["main"]
files = [
    {file = "cppyy-backend-1.15.3.tar.gz", hash = "sha256:4578216c16667f858a3f05bb30baa12d3d8cb8ee365bddd904e25fc2d3488d65"},
]

[package.dependencies]
cppyy-cling = "6.32.8"

[[package]]
name = "cppyy-cling"
version = "6.32.8"
description = "Re-packaged Cling, as backend for cppyy"
optional = false
python-versions = "*"
groups = ["main"]
files = [
    {file = "cppyy_cling-6.32.8-py2.py3-none-macosx_10_15_x86_64.whl", hash = "sha256:bb6b14db660667cb4e526fc851fb64d9e2422651ed120baf2e62d263f42785aa"},
    {file = "cppyy_cling-6.32.8-py2.py3-none-macosx_14_0_arm64.whl", hash = "sha256:7001c24fb5c1788d7f7d9a03d82c86f1b21ef8a302dfa8c08be25e1cf92d4c4d"},
    {file = "cppyy_cling-6.32.8-py2.py3-none-manylinux2014_x86_64.whl", hash = "sha256:4c037d874b421a1d6b4c1a94029ea028434ee1038ab8a207d83fec6ddbb1a591"},
    {file = "cppyy_cling-6.32.8-py2.py3-none-win32.whl", hash = "sha256:2525f497bbdebbbf22331d10d81daa055a1b765fe2c0caa35de7b491dc47c000"},
    {file = "cppyy_cling-6.32.8-py2.py3-none-win_amd64.whl", hash = "sha256:7f57cb58af5ccfe11f1f42c2cf04d0d8d507d81ce032ed1db9213837593b9ab3"},
    {file = "cppyy_cling-6.32.8.tar.gz", hash = "sha256:f51ea2e9bd1418c27d1fca3ba97e322ad660a5e18180aad2d17fb55db43a0b49"},
]

[[package]]
name = "cpycppyy"
version = "1.13.0"
description = "Cling-based Python-C++ bindings for CPython"
optional = false
python-versions = "*"
groups = ["main"]
files = [
    {file = "CPyCppyy-1.13.0.tar.gz", hash = "sha256:783b2a8e6addbfb21fd4f49c3b61cca887e692d0a59073ab6c0130f365ca3b9c"},
]

[package.dependencies]
cppyy-backend = "1.15.3"
cppyy-cling = "6.32.8"

[metadata]
lock-version = "2.1"
python-versions = ">=3.12,<4.0"
content-hash = "cf00af5b1cae580169f2a3bfa3ea8b9ab3a73561a2cf2681e8d76ecd457a7d74"
